
Microsoft Visual Studio Solution File, Format Version 12.00
# Visual Studio Version 17
VisualStudioVersion = 17.3.32825.248
MinimumVisualStudioVersion = 10.0.40219.1
Project("{FAE04EC0-301F-11D3-BF4B-00C04F79EFBC}") = "MarsRover", "MarsRover\MarsRover.csproj", "{DAF90B53-CE27-46F2-B0CF-6F85C35FCCB2}"
EndProject
Project("{FAE04EC0-301F-11D3-BF4B-00C04F79EFBC}") = "MarsRoverTests", "MarsRoverTests\MarsRoverTests.csproj", "{A6C68820-627B-473C-9E51-CCF7FA58A2D7}"
EndProject
Global
	GlobalSection(SolutionConfigurationPlatforms) = preSolution
		Debug|Any CPU = Debug|Any CPU
		Release|Any CPU = Release|Any CPU
	EndGlobalSection
	GlobalSection(ProjectConfigurationPlatforms) = postSolution
		{DAF90B53-CE27-46F2-B0CF-6F85C35FCCB2}.Debug|Any CPU.ActiveCfg = Debug|Any CPU
		{DAF90B53-CE27-46F2-B0CF-6F85C35FCCB2}.Debug|Any CPU.Build.0 = Debug|Any CPU
		{DAF90B53-CE27-46F2-B0CF-6F85C35FCCB2}.Release|Any CPU.ActiveCfg = Release|Any CPU
		{DAF90B53-CE27-46F2-B0CF-6F85C35FCCB2}.Release|Any CPU.Build.0 = Release|Any CPU
		{A6C68820-627B-473C-9E51-CCF7FA58A2D7}.Debug|Any CPU.ActiveCfg = Debug|Any CPU
		{A6C68820-627B-473C-9E51-CCF7FA58A2D7}.Debug|Any CPU.Build.0 = Debug|Any CPU
		{A6C68820-627B-473C-9E51-CCF7FA58A2D7}.Release|Any CPU.ActiveCfg = Release|Any CPU
		{A6C68820-627B-473C-9E51-CCF7FA58A2D7}.Release|Any CPU.Build.0 = Release|Any CPU
	EndGlobalSection
	GlobalSection(SolutionProperties) = preSolution
		HideSolutionNode = FALSE
	EndGlobalSection
	GlobalSection(ExtensibilityGlobals) = postSolution
		SolutionGuid = {0D9EF64F-FD15-4AD9-BBDF-8568744A0541}
	EndGlobalSection
EndGlobal
